
Microsoft Visual Studio Solution File, Format Version 12.00
# Visual Studio 15
VisualStudioVersion = 15.0.26730.3
MinimumVisualStudioVersion = 10.0.40219.1
Project("{8BC9CEB8-8B4A-11D0-8D11-00A0C91BC942}") = "Hello", "Hello\Hello.vcxproj", "{BC710821-1314-4004-8BF5-6939324C6BDF}"
EndProject
Global
	GlobalSection(SolutionConfigurationPlatforms) = preSolution
		Debug|x64 = Debug|x64
		Debug|x86 = Debug|x86
		Release|x64 = Release|x64
		Release|x86 = Release|x86
	EndGlobalSection
	GlobalSection(ProjectConfigurationPlatforms) = postSolution
		{BC710821-1314-4004-8BF5-6939324C6BDF}.Debug|x64.ActiveCfg = Debug|x64
		{BC710821-1314-4004-8BF5-6939324C6BDF}.Debug|x64.Build.0 = Debug|x64
		{BC710821-1314-4004-8BF5-6939324C6BDF}.Debug|x86.ActiveCfg = Debug|Win32
		{BC710821-1314-4004-8BF5-6939324C6BDF}.Debug|x86.Build.0 = Debug|Win32
		{BC710821-1314-4004-8BF5-6939324C6BDF}.Release|x64.ActiveCfg = Release|x64
		{BC710821-1314-4004-8BF5-6939324C6BDF}.Release|x64.Build.0 = Release|x64
		{BC710821-1314-4004-8BF5-6939324C6BDF}.Release|x86.ActiveCfg = Release|Win32
		{BC710821-1314-4004-8BF5-6939324C6BDF}.Release|x86.Build.0 = Release|Win32
	EndGlobalSection
	GlobalSection(SolutionProperties) = preSolution
		HideSolutionNode = FALSE
	EndGlobalSection
	GlobalSection(ExtensibilityGlobals) = postSolution
		SolutionGuid = {EB2869A7-183E-4DF1-AC83-FE8FAA5D20A0}
	EndGlobalSection
EndGlobal
