<?xml version="1.0" encoding="utf-8"?>
<Project ToolsVersion="4.0" xmlns="http://schemas.microsoft.com/developer/msbuild/2003">
  <ItemGroup>
    <Filter Include="Shader">
      <UniqueIdentifier>{f05bd007-b02a-4473-884a-37b5f70424b8}</UniqueIdentifier>
    </Filter>
    <Filter Include="Main">
      <UniqueIdentifier>{ceeb3e11-dd9c-43c3-b0f7-1ab03952f63f}</UniqueIdentifier>
    </Filter>
    <Filter Include="Object">
      <UniqueIdentifier>{d313cde2-1823-4414-8aed-87e8e24be476}</UniqueIdentifier>
    </Filter>
    <Filter Include="Etc">
      <UniqueIdentifier>{4f531e8b-a6de-48eb-a2e7-ca2c4d9b54bc}</UniqueIdentifier>
    </Filter>
  </ItemGroup>
  <ItemGroup>
    <ClInclude Include="Hello.h">
      <Filter>Main</Filter>
    </ClInclude>
    <ClInclude Include="WinMain.h">
      <Filter>Main</Filter>
    </ClInclude>
    <ClInclude Include="stdafx.h">
      <Filter>Etc</Filter>
    </ClInclude>
    <ClInclude Include="Box.h">
      <Filter>Object</Filter>
    </ClInclude>
    <ClInclude Include="Camera.h">
      <Filter>Object</Filter>
    </ClInclude>
    <ClInclude Include="Ray.h">
      <Filter>Object</Filter>
    </ClInclude>
    <ClInclude Include="Light.h">
      <Filter>Object</Filter>
    </ClInclude>
    <ClInclude Include="Rect.h">
      <Filter>Object</Filter>
    </ClInclude>
    <ClInclude Include="d3dx12.h">
      <Filter>Etc</Filter>
    </ClInclude>
    <ClInclude Include="Sphere.h">
      <Filter>Object</Filter>
    </ClInclude>
    <ClInclude Include="Primitive.h">
      <Filter>Object</Filter>
    </ClInclude>
  </ItemGroup>
  <ItemGroup>
    <ClCompile Include="Hello.cpp">
      <Filter>Main</Filter>
    </ClCompile>
    <ClCompile Include="WinMain.cpp">
      <Filter>Main</Filter>
    </ClCompile>
    <ClCompile Include="stdafx.cpp">
      <Filter>Etc</Filter>
    </ClCompile>
    <ClCompile Include="Box.cpp">
      <Filter>Object</Filter>
    </ClCompile>
    <ClCompile Include="Camera.cpp">
      <Filter>Object</Filter>
    </ClCompile>
    <ClCompile Include="Ray.cpp">
      <Filter>Object</Filter>
    </ClCompile>
    <ClCompile Include="Light.cpp">
      <Filter>Object</Filter>
    </ClCompile>
    <ClCompile Include="Rect.cpp">
      <Filter>Object</Filter>
    </ClCompile>
    <ClCompile Include="Sphere.cpp">
      <Filter>Object</Filter>
    </ClCompile>
    <ClCompile Include="Primitive.cpp">
      <Filter>Object</Filter>
    </ClCompile>
  </ItemGroup>
  <ItemGroup>
    <CustomBuild Include="..\bin\Shader\shaders.hlsl">
      <Filter>Shader</Filter>
    </CustomBuild>
  </ItemGroup>
  <ItemGroup>
    <ResourceCompile Include="Hello.rc" />
  </ItemGroup>
  <ItemGroup>
    <None Include="ClassDiagram.cd" />
  </ItemGroup>
</Project>